// !$*UTF8*$!
{
	archiveVersion = 1;
	classes = {
	};
	objectVersion = 48;
	objects = {

/* Begin PBXBuildFile section */
		4E04E9FB759654C5F5B39931 /* Pods_CarloudyiOSSDK.framework in Frameworks */ = {isa = PBXBuildFile; fileRef = 1663D4AA8D45CEA1151AB1BF /* Pods_CarloudyiOSSDK.framework */; settings = {ATTRIBUTES = (Required, ); }; };
		A46591FF20D1A3D10033CCB2 /* mapstogpx20170927_194608.gpx in Resources */ = {isa = PBXBuildFile; fileRef = A46591FE20D1A3D10033CCB2 /* mapstogpx20170927_194608.gpx */; };
		A465920020D1B9970033CCB2 /* ViewController.swift in Sources */ = {isa = PBXBuildFile; fileRef = A49AD78120AA37B20029ABF0 /* ViewController.swift */; };
		A465920520D1C3BD0033CCB2 /* AppDelegate.swift in Sources */ = {isa = PBXBuildFile; fileRef = A49AD77F20AA37B20029ABF0 /* AppDelegate.swift */; };
		A49AD78020AA37B20029ABF0 /* AppDelegate.swift in Sources */ = {isa = PBXBuildFile; fileRef = A49AD77F20AA37B20029ABF0 /* AppDelegate.swift */; };
		A49AD78220AA37B20029ABF0 /* ViewController.swift in Sources */ = {isa = PBXBuildFile; fileRef = A49AD78120AA37B20029ABF0 /* ViewController.swift */; };
		A49AD78520AA37B20029ABF0 /* Main.storyboard in Resources */ = {isa = PBXBuildFile; fileRef = A49AD78320AA37B20029ABF0 /* Main.storyboard */; };
		A49AD78720AA37B20029ABF0 /* Assets.xcassets in Resources */ = {isa = PBXBuildFile; fileRef = A49AD78620AA37B20029ABF0 /* Assets.xcassets */; };
		A49AD78A20AA37B20029ABF0 /* LaunchScreen.storyboard in Resources */ = {isa = PBXBuildFile; fileRef = A49AD78820AA37B20029ABF0 /* LaunchScreen.storyboard */; };
		A49AD79520AA37B20029ABF0 /* CarloudyiOSSDKTests.swift in Sources */ = {isa = PBXBuildFile; fileRef = A49AD79420AA37B20029ABF0 /* CarloudyiOSSDKTests.swift */; };
		A4C080D221D5623D00E2216A /* UpdateImagesViewController.swift in Sources */ = {isa = PBXBuildFile; fileRef = A4C080D121D5623D00E2216A /* UpdateImagesViewController.swift */; };
		A4C080D421D56C4700E2216A /* Siri.swift in Sources */ = {isa = PBXBuildFile; fileRef = A4C080D321D56C4700E2216A /* Siri.swift */; };
		A4DA7B0821308F2B00D67954 /* CarloudyiOS.framework in Frameworks */ = {isa = PBXBuildFile; fileRef = A4DA7B0721308F2B00D67954 /* CarloudyiOS.framework */; settings = {ATTRIBUTES = (Required, ); }; };
		E0DDFF7408AAA9C499ED8A19 /* Pods_CarloudyiOSSDKTests.framework in Frameworks */ = {isa = PBXBuildFile; fileRef = CACC9F94BD16B8A2598B5F6A /* Pods_CarloudyiOSSDKTests.framework */; };
/* End PBXBuildFile section */

/* Begin PBXContainerItemProxy section */
		A49AD79120AA37B20029ABF0 /* PBXContainerItemProxy */ = {
			isa = PBXContainerItemProxy;
			containerPortal = A49AD77420AA37B20029ABF0 /* Project object */;
			proxyType = 1;
			remoteGlobalIDString = A49AD77B20AA37B20029ABF0;
			remoteInfo = CarloudyiOSSDK;
		};
/* End PBXContainerItemProxy section */

/* Begin PBXFileReference section */
		1663D4AA8D45CEA1151AB1BF /* Pods_CarloudyiOSSDK.framework */ = {isa = PBXFileReference; explicitFileType = wrapper.framework; includeInIndex = 0; path = Pods_CarloudyiOSSDK.framework; sourceTree = BUILT_PRODUCTS_DIR; };
		52BEE88521CEFCF7CC708405 /* Pods-CarloudyiOSSDKTests.release.xcconfig */ = {isa = PBXFileReference; includeInIndex = 1; lastKnownFileType = text.xcconfig; name = "Pods-CarloudyiOSSDKTests.release.xcconfig"; path = "Pods/Target Support Files/Pods-CarloudyiOSSDKTests/Pods-CarloudyiOSSDKTests.release.xcconfig"; sourceTree = "<group>"; };
		8A143F51EEAE8903D7F4983C /* Pods-CarloudyiOSSDK.release.xcconfig */ = {isa = PBXFileReference; includeInIndex = 1; lastKnownFileType = text.xcconfig; name = "Pods-CarloudyiOSSDK.release.xcconfig"; path = "Pods/Target Support Files/Pods-CarloudyiOSSDK/Pods-CarloudyiOSSDK.release.xcconfig"; sourceTree = "<group>"; };
		9377F4B22AF80CB070D21769 /* Pods-CarloudyiOSSDK.debug.xcconfig */ = {isa = PBXFileReference; includeInIndex = 1; lastKnownFileType = text.xcconfig; name = "Pods-CarloudyiOSSDK.debug.xcconfig"; path = "Pods/Target Support Files/Pods-CarloudyiOSSDK/Pods-CarloudyiOSSDK.debug.xcconfig"; sourceTree = "<group>"; };
		A46591FE20D1A3D10033CCB2 /* mapstogpx20170927_194608.gpx */ = {isa = PBXFileReference; fileEncoding = 4; lastKnownFileType = text.xml; path = mapstogpx20170927_194608.gpx; sourceTree = "<group>"; };
		A465920420D1C3460033CCB2 /* CarloudyiOS.framework */ = {isa = PBXFileReference; explicitFileType = wrapper.framework; path = CarloudyiOS.framework; sourceTree = BUILT_PRODUCTS_DIR; };
		A49852BE217A70F400C49E84 /* CarloudyiOSSDK.entitlements */ = {isa = PBXFileReference; lastKnownFileType = text.plist.entitlements; path = CarloudyiOSSDK.entitlements; sourceTree = "<group>"; };
		A49AD77C20AA37B20029ABF0 /* CarloudyiOSSDK.app */ = {isa = PBXFileReference; explicitFileType = wrapper.application; includeInIndex = 0; path = CarloudyiOSSDK.app; sourceTree = BUILT_PRODUCTS_DIR; };
		A49AD77F20AA37B20029ABF0 /* AppDelegate.swift */ = {isa = PBXFileReference; lastKnownFileType = sourcecode.swift; path = AppDelegate.swift; sourceTree = "<group>"; };
		A49AD78120AA37B20029ABF0 /* ViewController.swift */ = {isa = PBXFileReference; lastKnownFileType = sourcecode.swift; path = ViewController.swift; sourceTree = "<group>"; };
		A49AD78420AA37B20029ABF0 /* Base */ = {isa = PBXFileReference; lastKnownFileType = file.storyboard; name = Base; path = Base.lproj/Main.storyboard; sourceTree = "<group>"; };
		A49AD78620AA37B20029ABF0 /* Assets.xcassets */ = {isa = PBXFileReference; lastKnownFileType = folder.assetcatalog; path = Assets.xcassets; sourceTree = "<group>"; };
		A49AD78920AA37B20029ABF0 /* Base */ = {isa = PBXFileReference; lastKnownFileType = file.storyboard; name = Base; path = Base.lproj/LaunchScreen.storyboard; sourceTree = "<group>"; };
		A49AD78B20AA37B20029ABF0 /* Info.plist */ = {isa = PBXFileReference; lastKnownFileType = text.plist.xml; path = Info.plist; sourceTree = "<group>"; };
		A49AD79020AA37B20029ABF0 /* CarloudyiOSSDKTests.xctest */ = {isa = PBXFileReference; explicitFileType = wrapper.cfbundle; includeInIndex = 0; path = CarloudyiOSSDKTests.xctest; sourceTree = BUILT_PRODUCTS_DIR; };
		A49AD79420AA37B20029ABF0 /* CarloudyiOSSDKTests.swift */ = {isa = PBXFileReference; lastKnownFileType = sourcecode.swift; path = CarloudyiOSSDKTests.swift; sourceTree = "<group>"; };
		A49AD79620AA37B20029ABF0 /* Info.plist */ = {isa = PBXFileReference; lastKnownFileType = text.plist.xml; path = Info.plist; sourceTree = "<group>"; };
		A4C080D121D5623D00E2216A /* UpdateImagesViewController.swift */ = {isa = PBXFileReference; lastKnownFileType = sourcecode.swift; path = UpdateImagesViewController.swift; sourceTree = "<group>"; };
		A4C080D321D56C4700E2216A /* Siri.swift */ = {isa = PBXFileReference; lastKnownFileType = sourcecode.swift; path = Siri.swift; sourceTree = "<group>"; };
		A4DA7B0721308F2B00D67954 /* CarloudyiOS.framework */ = {isa = PBXFileReference; explicitFileType = wrapper.framework; path = CarloudyiOS.framework; sourceTree = BUILT_PRODUCTS_DIR; };
		CACC9F94BD16B8A2598B5F6A /* Pods_CarloudyiOSSDKTests.framework */ = {isa = PBXFileReference; explicitFileType = wrapper.framework; includeInIndex = 0; path = Pods_CarloudyiOSSDKTests.framework; sourceTree = BUILT_PRODUCTS_DIR; };
		E31817E772E156CB34D2FDCC /* Pods-CarloudyiOSSDKTests.debug.xcconfig */ = {isa = PBXFileReference; includeInIndex = 1; lastKnownFileType = text.xcconfig; name = "Pods-CarloudyiOSSDKTests.debug.xcconfig"; path = "Pods/Target Support Files/Pods-CarloudyiOSSDKTests/Pods-CarloudyiOSSDKTests.debug.xcconfig"; sourceTree = "<group>"; };
/* End PBXFileReference section */

/* Begin PBXFrameworksBuildPhase section */
		A49AD77920AA37B20029ABF0 /* Frameworks */ = {
			isa = PBXFrameworksBuildPhase;
			buildActionMask = 2147483647;
			files = (
				A4DA7B0821308F2B00D67954 /* CarloudyiOS.framework in Frameworks */,
				4E04E9FB759654C5F5B39931 /* Pods_CarloudyiOSSDK.framework in Frameworks */,
			);
			runOnlyForDeploymentPostprocessing = 0;
		};
		A49AD78D20AA37B20029ABF0 /* Frameworks */ = {
			isa = PBXFrameworksBuildPhase;
			buildActionMask = 2147483647;
			files = (
				E0DDFF7408AAA9C499ED8A19 /* Pods_CarloudyiOSSDKTests.framework in Frameworks */,
			);
			runOnlyForDeploymentPostprocessing = 0;
		};
/* End PBXFrameworksBuildPhase section */

/* Begin PBXGroup section */
		A49AD77320AA37B20029ABF0 = {
			isa = PBXGroup;
			children = (
				A46591FE20D1A3D10033CCB2 /* mapstogpx20170927_194608.gpx */,
				A49AD77E20AA37B20029ABF0 /* CarloudyiOSSDK */,
				A49AD79320AA37B20029ABF0 /* CarloudyiOSSDKTests */,
				A49AD77D20AA37B20029ABF0 /* Products */,
				A4B777214D6A00736D2AACFE /* Pods */,
				AFF0CD8B2ABA3C7F84750633 /* Frameworks */,
			);
			sourceTree = "<group>";
		};
		A49AD77D20AA37B20029ABF0 /* Products */ = {
			isa = PBXGroup;
			children = (
				A49AD77C20AA37B20029ABF0 /* CarloudyiOSSDK.app */,
				A49AD79020AA37B20029ABF0 /* CarloudyiOSSDKTests.xctest */,
			);
			name = Products;
			sourceTree = "<group>";
		};
		A49AD77E20AA37B20029ABF0 /* CarloudyiOSSDK */ = {
			isa = PBXGroup;
			children = (
				A49852BE217A70F400C49E84 /* CarloudyiOSSDK.entitlements */,
				A49AD77F20AA37B20029ABF0 /* AppDelegate.swift */,
				A49AD78120AA37B20029ABF0 /* ViewController.swift */,
				A4C080D121D5623D00E2216A /* UpdateImagesViewController.swift */,
				A4C080D321D56C4700E2216A /* Siri.swift */,
				A49AD78320AA37B20029ABF0 /* Main.storyboard */,
				A49AD78620AA37B20029ABF0 /* Assets.xcassets */,
				A49AD78820AA37B20029ABF0 /* LaunchScreen.storyboard */,
				A49AD78B20AA37B20029ABF0 /* Info.plist */,
			);
			path = CarloudyiOSSDK;
			sourceTree = "<group>";
		};
		A49AD79320AA37B20029ABF0 /* CarloudyiOSSDKTests */ = {
			isa = PBXGroup;
			children = (
				A49AD79420AA37B20029ABF0 /* CarloudyiOSSDKTests.swift */,
				A49AD79620AA37B20029ABF0 /* Info.plist */,
			);
			path = CarloudyiOSSDKTests;
			sourceTree = "<group>";
		};
		A4B777214D6A00736D2AACFE /* Pods */ = {
			isa = PBXGroup;
			children = (
				9377F4B22AF80CB070D21769 /* Pods-CarloudyiOSSDK.debug.xcconfig */,
				8A143F51EEAE8903D7F4983C /* Pods-CarloudyiOSSDK.release.xcconfig */,
				E31817E772E156CB34D2FDCC /* Pods-CarloudyiOSSDKTests.debug.xcconfig */,
				52BEE88521CEFCF7CC708405 /* Pods-CarloudyiOSSDKTests.release.xcconfig */,
			);
			name = Pods;
			sourceTree = "<group>";
		};
		AFF0CD8B2ABA3C7F84750633 /* Frameworks */ = {
			isa = PBXGroup;
			children = (
				A4DA7B0721308F2B00D67954 /* CarloudyiOS.framework */,
				A465920420D1C3460033CCB2 /* CarloudyiOS.framework */,
				1663D4AA8D45CEA1151AB1BF /* Pods_CarloudyiOSSDK.framework */,
				CACC9F94BD16B8A2598B5F6A /* Pods_CarloudyiOSSDKTests.framework */,
			);
			name = Frameworks;
			sourceTree = "<group>";
		};
/* End PBXGroup section */

/* Begin PBXNativeTarget section */
		A49AD77B20AA37B20029ABF0 /* CarloudyiOSSDK */ = {
			isa = PBXNativeTarget;
			buildConfigurationList = A49AD79920AA37B20029ABF0 /* Build configuration list for PBXNativeTarget "CarloudyiOSSDK" */;
			buildPhases = (
				FE64C0B6B0EA49CCD9DCA165 /* [CP] Check Pods Manifest.lock */,
				A49AD77820AA37B20029ABF0 /* Sources */,
				A49AD77920AA37B20029ABF0 /* Frameworks */,
				A49AD77A20AA37B20029ABF0 /* Resources */,
				19D3DDA19A43FCF709501582 /* [CP] Embed Pods Frameworks */,
			);
			buildRules = (
			);
			dependencies = (
			);
			name = CarloudyiOSSDK;
			productName = CarloudyiOSSDK;
			productReference = A49AD77C20AA37B20029ABF0 /* CarloudyiOSSDK.app */;
			productType = "com.apple.product-type.application";
		};
		A49AD78F20AA37B20029ABF0 /* CarloudyiOSSDKTests */ = {
			isa = PBXNativeTarget;
			buildConfigurationList = A49AD79C20AA37B20029ABF0 /* Build configuration list for PBXNativeTarget "CarloudyiOSSDKTests" */;
			buildPhases = (
				65C3F07791F18B06495CC424 /* [CP] Check Pods Manifest.lock */,
				A49AD78C20AA37B20029ABF0 /* Sources */,
				A49AD78D20AA37B20029ABF0 /* Frameworks */,
				A49AD78E20AA37B20029ABF0 /* Resources */,
			);
			buildRules = (
			);
			dependencies = (
				A49AD79220AA37B20029ABF0 /* PBXTargetDependency */,
			);
			name = CarloudyiOSSDKTests;
			productName = CarloudyiOSSDKTests;
			productReference = A49AD79020AA37B20029ABF0 /* CarloudyiOSSDKTests.xctest */;
			productType = "com.apple.product-type.bundle.unit-test";
		};
/* End PBXNativeTarget section */

/* Begin PBXProject section */
		A49AD77420AA37B20029ABF0 /* Project object */ = {
			isa = PBXProject;
			attributes = {
				LastSwiftUpdateCheck = 0920;
				LastUpgradeCheck = 0920;
				ORGANIZATIONNAME = zijia;
				TargetAttributes = {
					A49AD77B20AA37B20029ABF0 = {
						CreatedOnToolsVersion = 9.2;
						ProvisioningStyle = Automatic;
						SystemCapabilities = {
							com.apple.AccessWiFi = {
								enabled = 1;
							};
							com.apple.ApplicationGroups.iOS = {
								enabled = 0;
							};
							com.apple.HealthKit = {
								enabled = 0;
							};
							com.apple.Siri = {
								enabled = 1;
							};
						};
					};
					A49AD78F20AA37B20029ABF0 = {
						CreatedOnToolsVersion = 9.2;
						ProvisioningStyle = Automatic;
						TestTargetID = A49AD77B20AA37B20029ABF0;
					};
				};
			};
			buildConfigurationList = A49AD77720AA37B20029ABF0 /* Build configuration list for PBXProject "CarloudyiOSSDK" */;
			compatibilityVersion = "Xcode 8.0";
			developmentRegion = en;
			hasScannedForEncodings = 0;
			knownRegions = (
				en,
				Base,
			);
			mainGroup = A49AD77320AA37B20029ABF0;
			productRefGroup = A49AD77D20AA37B20029ABF0 /* Products */;
			projectDirPath = "";
			projectRoot = "";
			targets = (
				A49AD77B20AA37B20029ABF0 /* CarloudyiOSSDK */,
				A49AD78F20AA37B20029ABF0 /* CarloudyiOSSDKTests */,
			);
		};
/* End PBXProject section */

/* Begin PBXResourcesBuildPhase section */
		A49AD77A20AA37B20029ABF0 /* Resources */ = {
			isa = PBXResourcesBuildPhase;
			buildActionMask = 2147483647;
			files = (
				A49AD78A20AA37B20029ABF0 /* LaunchScreen.storyboard in Resources */,
				A49AD78720AA37B20029ABF0 /* Assets.xcassets in Resources */,
				A49AD78520AA37B20029ABF0 /* Main.storyboard in Resources */,
				A46591FF20D1A3D10033CCB2 /* mapstogpx20170927_194608.gpx in Resources */,
			);
			runOnlyForDeploymentPostprocessing = 0;
		};
		A49AD78E20AA37B20029ABF0 /* Resources */ = {
			isa = PBXResourcesBuildPhase;
			buildActionMask = 2147483647;
			files = (
			);
			runOnlyForDeploymentPostprocessing = 0;
		};
/* End PBXResourcesBuildPhase section */

/* Begin PBXShellScriptBuildPhase section */
		19D3DDA19A43FCF709501582 /* [CP] Embed Pods Frameworks */ = {
			isa = PBXShellScriptBuildPhase;
			buildActionMask = 2147483647;
			files = (
			);
			inputPaths = (
				"${SRCROOT}/Pods/Target Support Files/Pods-CarloudyiOSSDK/Pods-CarloudyiOSSDK-frameworks.sh",
				"${BUILT_PRODUCTS_DIR}/CarloudyiOS/CarloudyiOS.framework",
				"${BUILT_PRODUCTS_DIR}/CryptoSwift/CryptoSwift.framework",
				"${BUILT_PRODUCTS_DIR}/Popover/Popover.framework",
			);
			name = "[CP] Embed Pods Frameworks";
			outputPaths = (
				"${TARGET_BUILD_DIR}/${FRAMEWORKS_FOLDER_PATH}/CarloudyiOS.framework",
				"${TARGET_BUILD_DIR}/${FRAMEWORKS_FOLDER_PATH}/CryptoSwift.framework",
				"${TARGET_BUILD_DIR}/${FRAMEWORKS_FOLDER_PATH}/Popover.framework",
			);
			runOnlyForDeploymentPostprocessing = 0;
			shellPath = /bin/sh;
			shellScript = "\"${SRCROOT}/Pods/Target Support Files/Pods-CarloudyiOSSDK/Pods-CarloudyiOSSDK-frameworks.sh\"\n";
			showEnvVarsInLog = 0;
		};
		65C3F07791F18B06495CC424 /* [CP] Check Pods Manifest.lock */ = {
			isa = PBXShellScriptBuildPhase;
			buildActionMask = 2147483647;
			files = (
			);
			inputPaths = (
				"${PODS_PODFILE_DIR_PATH}/Podfile.lock",
				"${PODS_ROOT}/Manifest.lock",
			);
			name = "[CP] Check Pods Manifest.lock";
			outputPaths = (
				"$(DERIVED_FILE_DIR)/Pods-CarloudyiOSSDKTests-checkManifestLockResult.txt",
			);
			runOnlyForDeploymentPostprocessing = 0;
			shellPath = /bin/sh;
			shellScript = "diff \"${PODS_PODFILE_DIR_PATH}/Podfile.lock\" \"${PODS_ROOT}/Manifest.lock\" > /dev/null\nif [ $? != 0 ] ; then\n    # print error to STDERR\n    echo \"error: The sandbox is not in sync with the Podfile.lock. Run 'pod install' or update your CocoaPods installation.\" >&2\n    exit 1\nfi\n# This output is used by Xcode 'outputs' to avoid re-running this script phase.\necho \"SUCCESS\" > \"${SCRIPT_OUTPUT_FILE_0}\"\n";
			showEnvVarsInLog = 0;
		};
		FE64C0B6B0EA49CCD9DCA165 /* [CP] Check Pods Manifest.lock */ = {
			isa = PBXShellScriptBuildPhase;
			buildActionMask = 2147483647;
			files = (
			);
			inputPaths = (
				"${PODS_PODFILE_DIR_PATH}/Podfile.lock",
				"${PODS_ROOT}/Manifest.lock",
			);
			name = "[CP] Check Pods Manifest.lock";
			outputPaths = (
				"$(DERIVED_FILE_DIR)/Pods-CarloudyiOSSDK-checkManifestLockResult.txt",
			);
			runOnlyForDeploymentPostprocessing = 0;
			shellPath = /bin/sh;
			shellScript = "diff \"${PODS_PODFILE_DIR_PATH}/Podfile.lock\" \"${PODS_ROOT}/Manifest.lock\" > /dev/null\nif [ $? != 0 ] ; then\n    # print error to STDERR\n    echo \"error: The sandbox is not in sync with the Podfile.lock. Run 'pod install' or update your CocoaPods installation.\" >&2\n    exit 1\nfi\n# This output is used by Xcode 'outputs' to avoid re-running this script phase.\necho \"SUCCESS\" > \"${SCRIPT_OUTPUT_FILE_0}\"\n";
			showEnvVarsInLog = 0;
		};
/* End PBXShellScriptBuildPhase section */

/* Begin PBXSourcesBuildPhase section */
		A49AD77820AA37B20029ABF0 /* Sources */ = {
			isa = PBXSourcesBuildPhase;
			buildActionMask = 2147483647;
			files = (
				A4C080D421D56C4700E2216A /* Siri.swift in Sources */,
				A49AD78220AA37B20029ABF0 /* ViewController.swift in Sources */,
				A49AD78020AA37B20029ABF0 /* AppDelegate.swift in Sources */,
				A4C080D221D5623D00E2216A /* UpdateImagesViewController.swift in Sources */,
			);
			runOnlyForDeploymentPostprocessing = 0;
		};
		A49AD78C20AA37B20029ABF0 /* Sources */ = {
			isa = PBXSourcesBuildPhase;
			buildActionMask = 2147483647;
			files = (
				A465920520D1C3BD0033CCB2 /* AppDelegate.swift in Sources */,
				A465920020D1B9970033CCB2 /* ViewController.swift in Sources */,
				A49AD79520AA37B20029ABF0 /* CarloudyiOSSDKTests.swift in Sources */,
			);
			runOnlyForDeploymentPostprocessing = 0;
		};
/* End PBXSourcesBuildPhase section */

/* Begin PBXTargetDependency section */
		A49AD79220AA37B20029ABF0 /* PBXTargetDependency */ = {
			isa = PBXTargetDependency;
			target = A49AD77B20AA37B20029ABF0 /* CarloudyiOSSDK */;
			targetProxy = A49AD79120AA37B20029ABF0 /* PBXContainerItemProxy */;
		};
/* End PBXTargetDependency section */

/* Begin PBXVariantGroup section */
		A49AD78320AA37B20029ABF0 /* Main.storyboard */ = {
			isa = PBXVariantGroup;
			children = (
				A49AD78420AA37B20029ABF0 /* Base */,
			);
			name = Main.storyboard;
			sourceTree = "<group>";
		};
		A49AD78820AA37B20029ABF0 /* LaunchScreen.storyboard */ = {
			isa = PBXVariantGroup;
			children = (
				A49AD78920AA37B20029ABF0 /* Base */,
			);
			name = LaunchScreen.storyboard;
			sourceTree = "<group>";
		};
/* End PBXVariantGroup section */

/* Begin XCBuildConfiguration section */
		A49AD79720AA37B20029ABF0 /* Debug */ = {
			isa = XCBuildConfiguration;
			buildSettings = {
				ALWAYS_SEARCH_USER_PATHS = NO;
				CLANG_ANALYZER_NONNULL = YES;
				CLANG_ANALYZER_NUMBER_OBJECT_CONVERSION = YES_AGGRESSIVE;
				CLANG_CXX_LANGUAGE_STANDARD = "gnu++14";
				CLANG_CXX_LIBRARY = "libc++";
				CLANG_ENABLE_MODULES = YES;
				CLANG_ENABLE_OBJC_ARC = YES;
				CLANG_WARN_BLOCK_CAPTURE_AUTORELEASING = YES;
				CLANG_WARN_BOOL_CONVERSION = YES;
				CLANG_WARN_COMMA = YES;
				CLANG_WARN_CONSTANT_CONVERSION = YES;
				CLANG_WARN_DIRECT_OBJC_ISA_USAGE = YES_ERROR;
				CLANG_WARN_DOCUMENTATION_COMMENTS = YES;
				CLANG_WARN_EMPTY_BODY = YES;
				CLANG_WARN_ENUM_CONVERSION = YES;
				CLANG_WARN_INFINITE_RECURSION = YES;
				CLANG_WARN_INT_CONVERSION = YES;
				CLANG_WARN_NON_LITERAL_NULL_CONVERSION = YES;
				CLANG_WARN_OBJC_LITERAL_CONVERSION = YES;
				CLANG_WARN_OBJC_ROOT_CLASS = YES_ERROR;
				CLANG_WARN_RANGE_LOOP_ANALYSIS = YES;
				CLANG_WARN_STRICT_PROTOTYPES = YES;
				CLANG_WARN_SUSPICIOUS_MOVE = YES;
				CLANG_WARN_UNGUARDED_AVAILABILITY = YES_AGGRESSIVE;
				CLANG_WARN_UNREACHABLE_CODE = YES;
				CLANG_WARN__DUPLICATE_METHOD_MATCH = YES;
				CODE_SIGN_IDENTITY = "iPhone Developer";
				COPY_PHASE_STRIP = NO;
				DEBUG_INFORMATION_FORMAT = dwarf;
				ENABLE_STRICT_OBJC_MSGSEND = YES;
				ENABLE_TESTABILITY = YES;
				GCC_C_LANGUAGE_STANDARD = gnu11;
				GCC_DYNAMIC_NO_PIC = NO;
				GCC_NO_COMMON_BLOCKS = YES;
				GCC_OPTIMIZATION_LEVEL = 0;
				GCC_PREPROCESSOR_DEFINITIONS = (
					"DEBUG=1",
					"$(inherited)",
				);
				GCC_WARN_64_TO_32_BIT_CONVERSION = YES;
				GCC_WARN_ABOUT_RETURN_TYPE = YES_ERROR;
				GCC_WARN_UNDECLARED_SELECTOR = YES;
				GCC_WARN_UNINITIALIZED_AUTOS = YES_AGGRESSIVE;
				GCC_WARN_UNUSED_FUNCTION = YES;
				GCC_WARN_UNUSED_VARIABLE = YES;
				IPHONEOS_DEPLOYMENT_TARGET = 11.2;
				MTL_ENABLE_DEBUG_INFO = YES;
				ONLY_ACTIVE_ARCH = YES;
				SDKROOT = iphoneos;
				SWIFT_ACTIVE_COMPILATION_CONDITIONS = DEBUG;
				SWIFT_OPTIMIZATION_LEVEL = "-Onone";
			};
			name = Debug;
		};
		A49AD79820AA37B20029ABF0 /* Release */ = {
			isa = XCBuildConfiguration;
			buildSettings = {
				ALWAYS_SEARCH_USER_PATHS = NO;
				CLANG_ANALYZER_NONNULL = YES;
				CLANG_ANALYZER_NUMBER_OBJECT_CONVERSION = YES_AGGRESSIVE;
				CLANG_CXX_LANGUAGE_STANDARD = "gnu++14";
				CLANG_CXX_LIBRARY = "libc++";
				CLANG_ENABLE_MODULES = YES;
				CLANG_ENABLE_OBJC_ARC = YES;
				CLANG_WARN_BLOCK_CAPTURE_AUTORELEASING = YES;
				CLANG_WARN_BOOL_CONVERSION = YES;
				CLANG_WARN_COMMA = YES;
				CLANG_WARN_CONSTANT_CONVERSION = YES;
				CLANG_WARN_DIRECT_OBJC_ISA_USAGE = YES_ERROR;
				CLANG_WARN_DOCUMENTATION_COMMENTS = YES;
				CLANG_WARN_EMPTY_BODY = YES;
				CLANG_WARN_ENUM_CONVERSION = YES;
				CLANG_WARN_INFINITE_RECURSION = YES;
				CLANG_WARN_INT_CONVERSION = YES;
				CLANG_WARN_NON_LITERAL_NULL_CONVERSION = YES;
				CLANG_WARN_OBJC_LITERAL_CONVERSION = YES;
				CLANG_WARN_OBJC_ROOT_CLASS = YES_ERROR;
				CLANG_WARN_RANGE_LOOP_ANALYSIS = YES;
				CLANG_WARN_STRICT_PROTOTYPES = YES;
				CLANG_WARN_SUSPICIOUS_MOVE = YES;
				CLANG_WARN_UNGUARDED_AVAILABILITY = YES_AGGRESSIVE;
				CLANG_WARN_UNREACHABLE_CODE = YES;
				CLANG_WARN__DUPLICATE_METHOD_MATCH = YES;
				CODE_SIGN_IDENTITY = "iPhone Developer";
				COPY_PHASE_STRIP = NO;
				DEBUG_INFORMATION_FORMAT = "dwarf-with-dsym";
				ENABLE_NS_ASSERTIONS = NO;
				ENABLE_STRICT_OBJC_MSGSEND = YES;
				GCC_C_LANGUAGE_STANDARD = gnu11;
				GCC_NO_COMMON_BLOCKS = YES;
				GCC_WARN_64_TO_32_BIT_CONVERSION = YES;
				GCC_WARN_ABOUT_RETURN_TYPE = YES_ERROR;
				GCC_WARN_UNDECLARED_SELECTOR = YES;
				GCC_WARN_UNINITIALIZED_AUTOS = YES_AGGRESSIVE;
				GCC_WARN_UNUSED_FUNCTION = YES;
				GCC_WARN_UNUSED_VARIABLE = YES;
				IPHONEOS_DEPLOYMENT_TARGET = 11.2;
				MTL_ENABLE_DEBUG_INFO = NO;
				SDKROOT = iphoneos;
				SWIFT_OPTIMIZATION_LEVEL = "-Owholemodule";
				VALIDATE_PRODUCT = YES;
			};
			name = Release;
		};
		A49AD79A20AA37B20029ABF0 /* Debug */ = {
			isa = XCBuildConfiguration;
			baseConfigurationReference = 9377F4B22AF80CB070D21769 /* Pods-CarloudyiOSSDK.debug.xcconfig */;
			buildSettings = {
				ASSETCATALOG_COMPILER_APPICON_NAME = AppIcon;
				CODE_SIGN_ENTITLEMENTS = CarloudyiOSSDK/CarloudyiOSSDK.entitlements;
				CODE_SIGN_STYLE = Automatic;
				DEVELOPMENT_TEAM = TJEC8LNQP8;
				INFOPLIST_FILE = CarloudyiOSSDK/Info.plist;
				IPHONEOS_DEPLOYMENT_TARGET = 11.2;
				LD_RUNPATH_SEARCH_PATHS = "$(inherited) @executable_path/Frameworks";
				PRODUCT_BUNDLE_IDENTIFIER = cognitiveAI.CarloudyiOSSDK;
				PRODUCT_NAME = "$(TARGET_NAME)";
				SWIFT_VERSION = 4.0;
				TARGETED_DEVICE_FAMILY = 1;
			};
			name = Debug;
		};
		A49AD79B20AA37B20029ABF0 /* Release */ = {
			isa = XCBuildConfiguration;
			baseConfigurationReference = 8A143F51EEAE8903D7F4983C /* Pods-CarloudyiOSSDK.release.xcconfig */;
			buildSettings = {
				ASSETCATALOG_COMPILER_APPICON_NAME = AppIcon;
				CODE_SIGN_ENTITLEMENTS = CarloudyiOSSDK/CarloudyiOSSDK.entitlements;
				CODE_SIGN_STYLE = Automatic;
				DEVELOPMENT_TEAM = TJEC8LNQP8;
				INFOPLIST_FILE = CarloudyiOSSDK/Info.plist;
				IPHONEOS_DEPLOYMENT_TARGET = 11.2;
				LD_RUNPATH_SEARCH_PATHS = "$(inherited) @executable_path/Frameworks";
				PRODUCT_BUNDLE_IDENTIFIER = cognitiveAI.CarloudyiOSSDK;
				PRODUCT_NAME = "$(TARGET_NAME)";
				SWIFT_VERSION = 4.0;
				TARGETED_DEVICE_FAMILY = 1;
			};
			name = Release;
		};
		A49AD79D20AA37B20029ABF0 /* Debug */ = {
			isa = XCBuildConfiguration;
			baseConfigurationReference = E31817E772E156CB34D2FDCC /* Pods-CarloudyiOSSDKTests.debug.xcconfig */;
			buildSettings = {
				ALWAYS_EMBED_SWIFT_STANDARD_LIBRARIES = YES;
				BUNDLE_LOADER = "$(TEST_HOST)";
				CODE_SIGN_STYLE = Automatic;
				DEVELOPMENT_TEAM = TJEC8LNQP8;
				INFOPLIST_FILE = CarloudyiOSSDKTests/Info.plist;
				LD_RUNPATH_SEARCH_PATHS = "$(inherited) @executable_path/Frameworks @loader_path/Frameworks";
				PRODUCT_BUNDLE_IDENTIFIER = cognitiveAI.CarloudyiOSSDKTests;
				PRODUCT_NAME = "$(TARGET_NAME)";
				SWIFT_VERSION = 4.0;
				TARGETED_DEVICE_FAMILY = "1,2";
				TEST_HOST = "$(BUILT_PRODUCTS_DIR)/CarloudyiOSSDK.app/CarloudyiOSSDK";
			};
			name = Debug;
		};
		A49AD79E20AA37B20029ABF0 /* Release */ = {
			isa = XCBuildConfiguration;
			baseConfigurationReference = 52BEE88521CEFCF7CC708405 /* Pods-CarloudyiOSSDKTests.release.xcconfig */;
			buildSettings = {
				ALWAYS_EMBED_SWIFT_STANDARD_LIBRARIES = YES;
				BUNDLE_LOADER = "$(TEST_HOST)";
				CODE_SIGN_STYLE = Automatic;
				DEVELOPMENT_TEAM = TJEC8LNQP8;
				INFOPLIST_FILE = CarloudyiOSSDKTests/Info.plist;
				LD_RUNPATH_SEARCH_PATHS = "$(inherited) @executable_path/Frameworks @loader_path/Frameworks";
				PRODUCT_BUNDLE_IDENTIFIER = cognitiveAI.CarloudyiOSSDKTests;
				PRODUCT_NAME = "$(TARGET_NAME)";
				SWIFT_VERSION = 4.0;
				TARGETED_DEVICE_FAMILY = "1,2";
				TEST_HOST = "$(BUILT_PRODUCTS_DIR)/CarloudyiOSSDK.app/CarloudyiOSSDK";
			};
			name = Release;
		};
/* End XCBuildConfiguration section */

/* Begin XCConfigurationList section */
		A49AD77720AA37B20029ABF0 /* Build configuration list for PBXProject "CarloudyiOSSDK" */ = {
			isa = XCConfigurationList;
			buildConfigurations = (
				A49AD79720AA37B20029ABF0 /* Debug */,
				A49AD79820AA37B20029ABF0 /* Release */,
			);
			defaultConfigurationIsVisible = 0;
			defaultConfigurationName = Release;
		};
		A49AD79920AA37B20029ABF0 /* Build configuration list for PBXNativeTarget "CarloudyiOSSDK" */ = {
			isa = XCConfigurationList;
			buildConfigurations = (
				A49AD79A20AA37B20029ABF0 /* Debug */,
				A49AD79B20AA37B20029ABF0 /* Release */,
			);
			defaultConfigurationIsVisible = 0;
			defaultConfigurationName = Release;
		};
		A49AD79C20AA37B20029ABF0 /* Build configuration list for PBXNativeTarget "CarloudyiOSSDKTests" */ = {
			isa = XCConfigurationList;
			buildConfigurations = (
				A49AD79D20AA37B20029ABF0 /* Debug */,
				A49AD79E20AA37B20029ABF0 /* Release */,
			);
			defaultConfigurationIsVisible = 0;
			defaultConfigurationName = Release;
		};
/* End XCConfigurationList section */
	};
	rootObject = A49AD77420AA37B20029ABF0 /* Project object */;
}
