PODS:
  - CarloudyiOS (1.04.2):
    - CryptoSwift (= 0.8.0)
  - CryptoSwift (0.8.0)

DEPENDENCIES:
  - CarloudyiOS (= 1.04.2)

SPEC REPOS:
  https://github.com/CocoaPods/Specs.git:
    - CarloudyiOS
    - CryptoSwift

SPEC CHECKSUMS:
  CarloudyiOS: be7dc3c63e6782f2126ad5ed476c64f756e2b655
  CryptoSwift: f81907430ebbe38b8404b4f6fb40f3c576a8755f

PODFILE CHECKSUM: b351fc5f4e759b5fa3257ac514d47bf4027d8efe

COCOAPODS: 1.5.0
