PODS:
  - CarloudyiOS (1.05):
    - CryptoSwift (= 0.8.0)
  - CryptoSwift (0.8.0)

DEPENDENCIES:
  - CarloudyiOS (= 1.05)

SPEC REPOS:
  https://github.com/CocoaPods/Specs.git:
    - CarloudyiOS
    - CryptoSwift

SPEC CHECKSUMS:
  CarloudyiOS: 47a03a2c9df6849d40bb54e7dccddbc1fec2e00f
  CryptoSwift: f81907430ebbe38b8404b4f6fb40f3c576a8755f

PODFILE CHECKSUM: 5be5ee715a5415fc3e3a3811b6eff202d3aa9acc

COCOAPODS: 1.5.0
